
Microsoft Visual Studio Solution File, Format Version 12.00
# Visual Studio Version 17
VisualStudioVersion = 17.3.32929.385
MinimumVisualStudioVersion = 10.0.40219.1
Project("{FAE04EC0-301F-11D3-BF4B-00C04F79EFBC}") = "Network_1", "Network_1\Network_1.csproj", "{1B2F4D62-59A2-41C2-9666-1DFD1939A140}"
EndProject
Project("{FAE04EC0-301F-11D3-BF4B-00C04F79EFBC}") = "Network_2", "Network_2\Network_2.csproj", "{6DE3AB47-B9A7-4215-AE81-39D8A020D616}"
EndProject
Project("{FAE04EC0-301F-11D3-BF4B-00C04F79EFBC}") = "Network_3", "Lab_SMTP\Network_3.csproj", "{9453DD20-4D04-4633-B2B9-BB326B215C96}"
EndProject
Project("{FAE04EC0-301F-11D3-BF4B-00C04F79EFBC}") = "Network_3_gui", "Network_3_gui\Network_3_gui.csproj", "{6A6F52ED-B57C-460B-AF6E-F3D71AD32A1B}"
EndProject
Global
	GlobalSection(SolutionConfigurationPlatforms) = preSolution
		Debug|Any CPU = Debug|Any CPU
		Release|Any CPU = Release|Any CPU
	EndGlobalSection
	GlobalSection(ProjectConfigurationPlatforms) = postSolution
		{1B2F4D62-59A2-41C2-9666-1DFD1939A140}.Debug|Any CPU.ActiveCfg = Debug|Any CPU
		{1B2F4D62-59A2-41C2-9666-1DFD1939A140}.Debug|Any CPU.Build.0 = Debug|Any CPU
		{1B2F4D62-59A2-41C2-9666-1DFD1939A140}.Release|Any CPU.ActiveCfg = Release|Any CPU
		{1B2F4D62-59A2-41C2-9666-1DFD1939A140}.Release|Any CPU.Build.0 = Release|Any CPU
		{6DE3AB47-B9A7-4215-AE81-39D8A020D616}.Debug|Any CPU.ActiveCfg = Debug|Any CPU
		{6DE3AB47-B9A7-4215-AE81-39D8A020D616}.Debug|Any CPU.Build.0 = Debug|Any CPU
		{6DE3AB47-B9A7-4215-AE81-39D8A020D616}.Release|Any CPU.ActiveCfg = Release|Any CPU
		{6DE3AB47-B9A7-4215-AE81-39D8A020D616}.Release|Any CPU.Build.0 = Release|Any CPU
		{9453DD20-4D04-4633-B2B9-BB326B215C96}.Debug|Any CPU.ActiveCfg = Debug|Any CPU
		{9453DD20-4D04-4633-B2B9-BB326B215C96}.Debug|Any CPU.Build.0 = Debug|Any CPU
		{9453DD20-4D04-4633-B2B9-BB326B215C96}.Release|Any CPU.ActiveCfg = Release|Any CPU
		{9453DD20-4D04-4633-B2B9-BB326B215C96}.Release|Any CPU.Build.0 = Release|Any CPU
		{6A6F52ED-B57C-460B-AF6E-F3D71AD32A1B}.Debug|Any CPU.ActiveCfg = Debug|Any CPU
		{6A6F52ED-B57C-460B-AF6E-F3D71AD32A1B}.Debug|Any CPU.Build.0 = Debug|Any CPU
		{6A6F52ED-B57C-460B-AF6E-F3D71AD32A1B}.Release|Any CPU.ActiveCfg = Release|Any CPU
		{6A6F52ED-B57C-460B-AF6E-F3D71AD32A1B}.Release|Any CPU.Build.0 = Release|Any CPU
	EndGlobalSection
	GlobalSection(SolutionProperties) = preSolution
		HideSolutionNode = FALSE
	EndGlobalSection
	GlobalSection(ExtensibilityGlobals) = postSolution
		SolutionGuid = {19786791-C554-4DD7-AFD7-2012C26B74EB}
	EndGlobalSection
EndGlobal
